
Microsoft Visual Studio Solution File, Format Version 12.00
# Visual Studio Version 17
VisualStudioVersion = 17.0.31903.59
MinimumVisualStudioVersion = 10.0.40219.1
Project("{2150E333-8FDC-42A3-9474-1A3956D46DE8}") = "server", "server", "{1A2B3C4D-5E6F-7A8B-9C0D-E1F2A3B4C5D6}"
EndProject
Project("{2150E333-8FDC-42A3-9474-1A3956D46DE8}") = "node", "node", "{2B3C4D5E-6F7A-8B9C-0D1E-F2A3B4C5D6E7}"
EndProject
Project("{FAE04EC0-301F-11D3-BF4B-00C04F79EFBC}") = "Stefan.Server.API", "src\server\Stefan.Server.API\Stefan.Server.API.csproj", "{0D1E2F3A-4B5C-6D7E-8F9A-B0C1D2E3F4A5}"
EndProject
Project("{FAE04EC0-301F-11D3-BF4B-00C04F79EFBC}") = "Stefan.Server.Application", "src\server\Stefan.Server.Application\Stefan.Server.Application.csproj", "{6F7A8B9C-0D1E-2F3A-4B5C-D6E7F8A9B0C1}"
EndProject
Project("{FAE04EC0-301F-11D3-BF4B-00C04F79EFBC}") = "Stefan.Server.Domain", "src\server\Stefan.Server.Domain\Stefan.Server.Domain.csproj", "{7A8B9C0D-1E2F-3A4B-5C6D-E7F8A9B0C1D2}"
EndProject
Project("{FAE04EC0-301F-11D3-BF4B-00C04F79EFBC}") = "Stefan.Server.Infrastructure", "src\server\Stefan.Server.Infrastructure\Stefan.Server.Infrastructure.csproj", "{9C0D1E2F-3A4B-5C6D-7E8F-A9B0C1D2E3F4}"
EndProject
Project("{FAE04EC0-301F-11D3-BF4B-00C04F79EFBC}") = "Stefan.Server.Common", "src\server\Stefan.Server.Common\Stefan.Server.Common.csproj", "{5E6F7A8B-9C0D-1E2F-3A4B-C5D6E7F8A9B0}"
EndProject
Project("{FAE04EC0-301F-11D3-BF4B-00C04F79EFBC}") = "Stefan.Server.SttBenchmarks", "src\server\Stefan.Server.SttBenchmarks\Stefan.Server.SttBenchmarks.csproj", "{8B9C0D1E-2F3A-4B5C-6D7E-F8A9B0C1D2E3}"
EndProject
Project("{FAE04EC0-301F-11D3-BF4B-00C04F79EFBC}") = "Stefan.Node", "src\node\Stefan.Node\Stefan.Node.csproj", "{4D5E6F7A-8B9C-0D1E-2F3A-B4C5D6E7F8A9}"
EndProject
Project("{2150E333-8FDC-42A3-9474-1A3956D46DE8}") = "tests", "tests", "{0AB3BF05-4346-4AA6-1389-037BE0695223}"
EndProject
Project("{2150E333-8FDC-42A3-9474-1A3956D46DE8}") = "src", "src", "{827E0CD3-B72D-47B6-A68D-7590B98EB39B}"
EndProject
Project("{2150E333-8FDC-42A3-9474-1A3956D46DE8}") = "server", "server", "{E6B48023-E680-40DA-9E17-319585C26937}"
EndProject
Project("{FAE04EC0-301F-11D3-BF4B-00C04F79EFBC}") = "Stefan.Server.TtsGenerator", "src\server\Stefan.Server.TtsGenerator\Stefan.Server.TtsGenerator.csproj", "{B9A30873-0B2E-41AF-9318-1C9B7BBA1A41}"
EndProject
Project("{FAE04EC0-301F-11D3-BF4B-00C04F79EFBC}") = "Stefan.Node.IntegrationTests", "tests\Stefan.Node.IntegrationTests\Stefan.Node.IntegrationTests.csproj", "{03A90563-634A-4FB7-A334-C8C8D387D9F9}"
EndProject
Project("{FAE04EC0-301F-11D3-BF4B-00C04F79EFBC}") = "Stefan.Node.UnitTests", "tests\Stefan.Node.UnitTests\Stefan.Node.UnitTests.csproj", "{0921945A-3651-4669-906F-CB4E62BACBEC}"
EndProject
Project("{FAE04EC0-301F-11D3-BF4B-00C04F79EFBC}") = "Stefan.Server.Domain.UnitTests", "tests\Stefan.Server.Domain.UnitTests\Stefan.Server.Domain.UnitTests.csproj", "{94FF7853-1371-44BA-AE93-D0516CC53BF3}"
EndProject
Global
	GlobalSection(SolutionConfigurationPlatforms) = preSolution
		Debug|Any CPU = Debug|Any CPU
		Debug|x64 = Debug|x64
		Debug|x86 = Debug|x86
		Release|Any CPU = Release|Any CPU
		Release|x64 = Release|x64
		Release|x86 = Release|x86
	EndGlobalSection
	GlobalSection(ProjectConfigurationPlatforms) = postSolution
		{0D1E2F3A-4B5C-6D7E-8F9A-B0C1D2E3F4A5}.Debug|Any CPU.ActiveCfg = Debug|Any CPU
		{0D1E2F3A-4B5C-6D7E-8F9A-B0C1D2E3F4A5}.Debug|Any CPU.Build.0 = Debug|Any CPU
		{0D1E2F3A-4B5C-6D7E-8F9A-B0C1D2E3F4A5}.Debug|x64.ActiveCfg = Debug|Any CPU
		{0D1E2F3A-4B5C-6D7E-8F9A-B0C1D2E3F4A5}.Debug|x64.Build.0 = Debug|Any CPU
		{0D1E2F3A-4B5C-6D7E-8F9A-B0C1D2E3F4A5}.Debug|x86.ActiveCfg = Debug|Any CPU
		{0D1E2F3A-4B5C-6D7E-8F9A-B0C1D2E3F4A5}.Debug|x86.Build.0 = Debug|Any CPU
		{0D1E2F3A-4B5C-6D7E-8F9A-B0C1D2E3F4A5}.Release|Any CPU.ActiveCfg = Release|Any CPU
		{0D1E2F3A-4B5C-6D7E-8F9A-B0C1D2E3F4A5}.Release|Any CPU.Build.0 = Release|Any CPU
		{0D1E2F3A-4B5C-6D7E-8F9A-B0C1D2E3F4A5}.Release|x64.ActiveCfg = Release|Any CPU
		{0D1E2F3A-4B5C-6D7E-8F9A-B0C1D2E3F4A5}.Release|x64.Build.0 = Release|Any CPU
		{0D1E2F3A-4B5C-6D7E-8F9A-B0C1D2E3F4A5}.Release|x86.ActiveCfg = Release|Any CPU
		{0D1E2F3A-4B5C-6D7E-8F9A-B0C1D2E3F4A5}.Release|x86.Build.0 = Release|Any CPU
		{6F7A8B9C-0D1E-2F3A-4B5C-D6E7F8A9B0C1}.Debug|Any CPU.ActiveCfg = Debug|Any CPU
		{6F7A8B9C-0D1E-2F3A-4B5C-D6E7F8A9B0C1}.Debug|Any CPU.Build.0 = Debug|Any CPU
		{6F7A8B9C-0D1E-2F3A-4B5C-D6E7F8A9B0C1}.Debug|x64.ActiveCfg = Debug|Any CPU
		{6F7A8B9C-0D1E-2F3A-4B5C-D6E7F8A9B0C1}.Debug|x64.Build.0 = Debug|Any CPU
		{6F7A8B9C-0D1E-2F3A-4B5C-D6E7F8A9B0C1}.Debug|x86.ActiveCfg = Debug|Any CPU
		{6F7A8B9C-0D1E-2F3A-4B5C-D6E7F8A9B0C1}.Debug|x86.Build.0 = Debug|Any CPU
		{6F7A8B9C-0D1E-2F3A-4B5C-D6E7F8A9B0C1}.Release|Any CPU.ActiveCfg = Release|Any CPU
		{6F7A8B9C-0D1E-2F3A-4B5C-D6E7F8A9B0C1}.Release|Any CPU.Build.0 = Release|Any CPU
		{6F7A8B9C-0D1E-2F3A-4B5C-D6E7F8A9B0C1}.Release|x64.ActiveCfg = Release|Any CPU
		{6F7A8B9C-0D1E-2F3A-4B5C-D6E7F8A9B0C1}.Release|x64.Build.0 = Release|Any CPU
		{6F7A8B9C-0D1E-2F3A-4B5C-D6E7F8A9B0C1}.Release|x86.ActiveCfg = Release|Any CPU
		{6F7A8B9C-0D1E-2F3A-4B5C-D6E7F8A9B0C1}.Release|x86.Build.0 = Release|Any CPU
		{7A8B9C0D-1E2F-3A4B-5C6D-E7F8A9B0C1D2}.Debug|Any CPU.ActiveCfg = Debug|Any CPU
		{7A8B9C0D-1E2F-3A4B-5C6D-E7F8A9B0C1D2}.Debug|Any CPU.Build.0 = Debug|Any CPU
		{7A8B9C0D-1E2F-3A4B-5C6D-E7F8A9B0C1D2}.Debug|x64.ActiveCfg = Debug|Any CPU
		{7A8B9C0D-1E2F-3A4B-5C6D-E7F8A9B0C1D2}.Debug|x64.Build.0 = Debug|Any CPU
		{7A8B9C0D-1E2F-3A4B-5C6D-E7F8A9B0C1D2}.Debug|x86.ActiveCfg = Debug|Any CPU
		{7A8B9C0D-1E2F-3A4B-5C6D-E7F8A9B0C1D2}.Debug|x86.Build.0 = Debug|Any CPU
		{7A8B9C0D-1E2F-3A4B-5C6D-E7F8A9B0C1D2}.Release|Any CPU.ActiveCfg = Release|Any CPU
		{7A8B9C0D-1E2F-3A4B-5C6D-E7F8A9B0C1D2}.Release|Any CPU.Build.0 = Release|Any CPU
		{7A8B9C0D-1E2F-3A4B-5C6D-E7F8A9B0C1D2}.Release|x64.ActiveCfg = Release|Any CPU
		{7A8B9C0D-1E2F-3A4B-5C6D-E7F8A9B0C1D2}.Release|x64.Build.0 = Release|Any CPU
		{7A8B9C0D-1E2F-3A4B-5C6D-E7F8A9B0C1D2}.Release|x86.ActiveCfg = Release|Any CPU
		{7A8B9C0D-1E2F-3A4B-5C6D-E7F8A9B0C1D2}.Release|x86.Build.0 = Release|Any CPU
		{9C0D1E2F-3A4B-5C6D-7E8F-A9B0C1D2E3F4}.Debug|Any CPU.ActiveCfg = Debug|Any CPU
		{9C0D1E2F-3A4B-5C6D-7E8F-A9B0C1D2E3F4}.Debug|Any CPU.Build.0 = Debug|Any CPU
		{9C0D1E2F-3A4B-5C6D-7E8F-A9B0C1D2E3F4}.Debug|x64.ActiveCfg = Debug|Any CPU
		{9C0D1E2F-3A4B-5C6D-7E8F-A9B0C1D2E3F4}.Debug|x64.Build.0 = Debug|Any CPU
		{9C0D1E2F-3A4B-5C6D-7E8F-A9B0C1D2E3F4}.Debug|x86.ActiveCfg = Debug|Any CPU
		{9C0D1E2F-3A4B-5C6D-7E8F-A9B0C1D2E3F4}.Debug|x86.Build.0 = Debug|Any CPU
		{9C0D1E2F-3A4B-5C6D-7E8F-A9B0C1D2E3F4}.Release|Any CPU.ActiveCfg = Release|Any CPU
		{9C0D1E2F-3A4B-5C6D-7E8F-A9B0C1D2E3F4}.Release|Any CPU.Build.0 = Release|Any CPU
		{9C0D1E2F-3A4B-5C6D-7E8F-A9B0C1D2E3F4}.Release|x64.ActiveCfg = Release|Any CPU
		{9C0D1E2F-3A4B-5C6D-7E8F-A9B0C1D2E3F4}.Release|x64.Build.0 = Release|Any CPU
		{9C0D1E2F-3A4B-5C6D-7E8F-A9B0C1D2E3F4}.Release|x86.ActiveCfg = Release|Any CPU
		{9C0D1E2F-3A4B-5C6D-7E8F-A9B0C1D2E3F4}.Release|x86.Build.0 = Release|Any CPU
		{5E6F7A8B-9C0D-1E2F-3A4B-C5D6E7F8A9B0}.Debug|Any CPU.ActiveCfg = Debug|Any CPU
		{5E6F7A8B-9C0D-1E2F-3A4B-C5D6E7F8A9B0}.Debug|Any CPU.Build.0 = Debug|Any CPU
		{5E6F7A8B-9C0D-1E2F-3A4B-C5D6E7F8A9B0}.Debug|x64.ActiveCfg = Debug|Any CPU
		{5E6F7A8B-9C0D-1E2F-3A4B-C5D6E7F8A9B0}.Debug|x64.Build.0 = Debug|Any CPU
		{5E6F7A8B-9C0D-1E2F-3A4B-C5D6E7F8A9B0}.Debug|x86.ActiveCfg = Debug|Any CPU
		{5E6F7A8B-9C0D-1E2F-3A4B-C5D6E7F8A9B0}.Debug|x86.Build.0 = Debug|Any CPU
		{5E6F7A8B-9C0D-1E2F-3A4B-C5D6E7F8A9B0}.Release|Any CPU.ActiveCfg = Release|Any CPU
		{5E6F7A8B-9C0D-1E2F-3A4B-C5D6E7F8A9B0}.Release|Any CPU.Build.0 = Release|Any CPU
		{5E6F7A8B-9C0D-1E2F-3A4B-C5D6E7F8A9B0}.Release|x64.ActiveCfg = Release|Any CPU
		{5E6F7A8B-9C0D-1E2F-3A4B-C5D6E7F8A9B0}.Release|x64.Build.0 = Release|Any CPU
		{5E6F7A8B-9C0D-1E2F-3A4B-C5D6E7F8A9B0}.Release|x86.ActiveCfg = Release|Any CPU
		{5E6F7A8B-9C0D-1E2F-3A4B-C5D6E7F8A9B0}.Release|x86.Build.0 = Release|Any CPU
		{8B9C0D1E-2F3A-4B5C-6D7E-F8A9B0C1D2E3}.Debug|Any CPU.ActiveCfg = Debug|Any CPU
		{8B9C0D1E-2F3A-4B5C-6D7E-F8A9B0C1D2E3}.Debug|Any CPU.Build.0 = Debug|Any CPU
		{8B9C0D1E-2F3A-4B5C-6D7E-F8A9B0C1D2E3}.Debug|x64.ActiveCfg = Debug|Any CPU
		{8B9C0D1E-2F3A-4B5C-6D7E-F8A9B0C1D2E3}.Debug|x64.Build.0 = Debug|Any CPU
		{8B9C0D1E-2F3A-4B5C-6D7E-F8A9B0C1D2E3}.Debug|x86.ActiveCfg = Debug|Any CPU
		{8B9C0D1E-2F3A-4B5C-6D7E-F8A9B0C1D2E3}.Debug|x86.Build.0 = Debug|Any CPU
		{8B9C0D1E-2F3A-4B5C-6D7E-F8A9B0C1D2E3}.Release|Any CPU.ActiveCfg = Release|Any CPU
		{8B9C0D1E-2F3A-4B5C-6D7E-F8A9B0C1D2E3}.Release|Any CPU.Build.0 = Release|Any CPU
		{8B9C0D1E-2F3A-4B5C-6D7E-F8A9B0C1D2E3}.Release|x64.ActiveCfg = Release|Any CPU
		{8B9C0D1E-2F3A-4B5C-6D7E-F8A9B0C1D2E3}.Release|x64.Build.0 = Release|Any CPU
		{8B9C0D1E-2F3A-4B5C-6D7E-F8A9B0C1D2E3}.Release|x86.ActiveCfg = Release|Any CPU
		{8B9C0D1E-2F3A-4B5C-6D7E-F8A9B0C1D2E3}.Release|x86.Build.0 = Release|Any CPU
		{4D5E6F7A-8B9C-0D1E-2F3A-B4C5D6E7F8A9}.Debug|Any CPU.ActiveCfg = Debug|Any CPU
		{4D5E6F7A-8B9C-0D1E-2F3A-B4C5D6E7F8A9}.Debug|Any CPU.Build.0 = Debug|Any CPU
		{4D5E6F7A-8B9C-0D1E-2F3A-B4C5D6E7F8A9}.Debug|x64.ActiveCfg = Debug|Any CPU
		{4D5E6F7A-8B9C-0D1E-2F3A-B4C5D6E7F8A9}.Debug|x64.Build.0 = Debug|Any CPU
		{4D5E6F7A-8B9C-0D1E-2F3A-B4C5D6E7F8A9}.Debug|x86.ActiveCfg = Debug|Any CPU
		{4D5E6F7A-8B9C-0D1E-2F3A-B4C5D6E7F8A9}.Debug|x86.Build.0 = Debug|Any CPU
		{4D5E6F7A-8B9C-0D1E-2F3A-B4C5D6E7F8A9}.Release|Any CPU.ActiveCfg = Release|Any CPU
		{4D5E6F7A-8B9C-0D1E-2F3A-B4C5D6E7F8A9}.Release|Any CPU.Build.0 = Release|Any CPU
		{4D5E6F7A-8B9C-0D1E-2F3A-B4C5D6E7F8A9}.Release|x64.ActiveCfg = Release|Any CPU
		{4D5E6F7A-8B9C-0D1E-2F3A-B4C5D6E7F8A9}.Release|x64.Build.0 = Release|Any CPU
		{4D5E6F7A-8B9C-0D1E-2F3A-B4C5D6E7F8A9}.Release|x86.ActiveCfg = Release|Any CPU
		{4D5E6F7A-8B9C-0D1E-2F3A-B4C5D6E7F8A9}.Release|x86.Build.0 = Release|Any CPU
		{B9A30873-0B2E-41AF-9318-1C9B7BBA1A41}.Debug|Any CPU.ActiveCfg = Debug|Any CPU
		{B9A30873-0B2E-41AF-9318-1C9B7BBA1A41}.Debug|Any CPU.Build.0 = Debug|Any CPU
		{B9A30873-0B2E-41AF-9318-1C9B7BBA1A41}.Debug|x64.ActiveCfg = Debug|Any CPU
		{B9A30873-0B2E-41AF-9318-1C9B7BBA1A41}.Debug|x64.Build.0 = Debug|Any CPU
		{B9A30873-0B2E-41AF-9318-1C9B7BBA1A41}.Debug|x86.ActiveCfg = Debug|Any CPU
		{B9A30873-0B2E-41AF-9318-1C9B7BBA1A41}.Debug|x86.Build.0 = Debug|Any CPU
		{B9A30873-0B2E-41AF-9318-1C9B7BBA1A41}.Release|Any CPU.ActiveCfg = Release|Any CPU
		{B9A30873-0B2E-41AF-9318-1C9B7BBA1A41}.Release|Any CPU.Build.0 = Release|Any CPU
		{B9A30873-0B2E-41AF-9318-1C9B7BBA1A41}.Release|x64.ActiveCfg = Release|Any CPU
		{B9A30873-0B2E-41AF-9318-1C9B7BBA1A41}.Release|x64.Build.0 = Release|Any CPU
		{B9A30873-0B2E-41AF-9318-1C9B7BBA1A41}.Release|x86.ActiveCfg = Release|Any CPU
		{B9A30873-0B2E-41AF-9318-1C9B7BBA1A41}.Release|x86.Build.0 = Release|Any CPU
		{03A90563-634A-4FB7-A334-C8C8D387D9F9}.Debug|Any CPU.ActiveCfg = Debug|Any CPU
		{03A90563-634A-4FB7-A334-C8C8D387D9F9}.Debug|Any CPU.Build.0 = Debug|Any CPU
		{03A90563-634A-4FB7-A334-C8C8D387D9F9}.Debug|x64.ActiveCfg = Debug|Any CPU
		{03A90563-634A-4FB7-A334-C8C8D387D9F9}.Debug|x64.Build.0 = Debug|Any CPU
		{03A90563-634A-4FB7-A334-C8C8D387D9F9}.Debug|x86.ActiveCfg = Debug|Any CPU
		{03A90563-634A-4FB7-A334-C8C8D387D9F9}.Debug|x86.Build.0 = Debug|Any CPU
		{03A90563-634A-4FB7-A334-C8C8D387D9F9}.Release|Any CPU.ActiveCfg = Release|Any CPU
		{03A90563-634A-4FB7-A334-C8C8D387D9F9}.Release|Any CPU.Build.0 = Release|Any CPU
		{03A90563-634A-4FB7-A334-C8C8D387D9F9}.Release|x64.ActiveCfg = Release|Any CPU
		{03A90563-634A-4FB7-A334-C8C8D387D9F9}.Release|x64.Build.0 = Release|Any CPU
		{03A90563-634A-4FB7-A334-C8C8D387D9F9}.Release|x86.ActiveCfg = Release|Any CPU
		{03A90563-634A-4FB7-A334-C8C8D387D9F9}.Release|x86.Build.0 = Release|Any CPU
		{0921945A-3651-4669-906F-CB4E62BACBEC}.Debug|Any CPU.ActiveCfg = Debug|Any CPU
		{0921945A-3651-4669-906F-CB4E62BACBEC}.Debug|Any CPU.Build.0 = Debug|Any CPU
		{0921945A-3651-4669-906F-CB4E62BACBEC}.Debug|x64.ActiveCfg = Debug|Any CPU
		{0921945A-3651-4669-906F-CB4E62BACBEC}.Debug|x64.Build.0 = Debug|Any CPU
		{0921945A-3651-4669-906F-CB4E62BACBEC}.Debug|x86.ActiveCfg = Debug|Any CPU
		{0921945A-3651-4669-906F-CB4E62BACBEC}.Debug|x86.Build.0 = Debug|Any CPU
		{0921945A-3651-4669-906F-CB4E62BACBEC}.Release|Any CPU.ActiveCfg = Release|Any CPU
		{0921945A-3651-4669-906F-CB4E62BACBEC}.Release|Any CPU.Build.0 = Release|Any CPU
		{0921945A-3651-4669-906F-CB4E62BACBEC}.Release|x64.ActiveCfg = Release|Any CPU
		{0921945A-3651-4669-906F-CB4E62BACBEC}.Release|x64.Build.0 = Release|Any CPU
		{0921945A-3651-4669-906F-CB4E62BACBEC}.Release|x86.ActiveCfg = Release|Any CPU
		{0921945A-3651-4669-906F-CB4E62BACBEC}.Release|x86.Build.0 = Release|Any CPU
		{94FF7853-1371-44BA-AE93-D0516CC53BF3}.Debug|Any CPU.ActiveCfg = Debug|Any CPU
		{94FF7853-1371-44BA-AE93-D0516CC53BF3}.Debug|Any CPU.Build.0 = Debug|Any CPU
		{94FF7853-1371-44BA-AE93-D0516CC53BF3}.Debug|x64.ActiveCfg = Debug|Any CPU
		{94FF7853-1371-44BA-AE93-D0516CC53BF3}.Debug|x64.Build.0 = Debug|Any CPU
		{94FF7853-1371-44BA-AE93-D0516CC53BF3}.Debug|x86.ActiveCfg = Debug|Any CPU
		{94FF7853-1371-44BA-AE93-D0516CC53BF3}.Debug|x86.Build.0 = Debug|Any CPU
		{94FF7853-1371-44BA-AE93-D0516CC53BF3}.Release|Any CPU.ActiveCfg = Release|Any CPU
		{94FF7853-1371-44BA-AE93-D0516CC53BF3}.Release|Any CPU.Build.0 = Release|Any CPU
		{94FF7853-1371-44BA-AE93-D0516CC53BF3}.Release|x64.ActiveCfg = Release|Any CPU
		{94FF7853-1371-44BA-AE93-D0516CC53BF3}.Release|x64.Build.0 = Release|Any CPU
		{94FF7853-1371-44BA-AE93-D0516CC53BF3}.Release|x86.ActiveCfg = Release|Any CPU
		{94FF7853-1371-44BA-AE93-D0516CC53BF3}.Release|x86.Build.0 = Release|Any CPU
	EndGlobalSection
	GlobalSection(SolutionProperties) = preSolution
		HideSolutionNode = FALSE
	EndGlobalSection
	GlobalSection(NestedProjects) = preSolution
		{0D1E2F3A-4B5C-6D7E-8F9A-B0C1D2E3F4A5} = {1A2B3C4D-5E6F-7A8B-9C0D-E1F2A3B4C5D6}
		{6F7A8B9C-0D1E-2F3A-4B5C-D6E7F8A9B0C1} = {1A2B3C4D-5E6F-7A8B-9C0D-E1F2A3B4C5D6}
		{7A8B9C0D-1E2F-3A4B-5C6D-E7F8A9B0C1D2} = {1A2B3C4D-5E6F-7A8B-9C0D-E1F2A3B4C5D6}
		{9C0D1E2F-3A4B-5C6D-7E8F-A9B0C1D2E3F4} = {1A2B3C4D-5E6F-7A8B-9C0D-E1F2A3B4C5D6}
		{5E6F7A8B-9C0D-1E2F-3A4B-C5D6E7F8A9B0} = {1A2B3C4D-5E6F-7A8B-9C0D-E1F2A3B4C5D6}
		{8B9C0D1E-2F3A-4B5C-6D7E-F8A9B0C1D2E3} = {1A2B3C4D-5E6F-7A8B-9C0D-E1F2A3B4C5D6}
		{4D5E6F7A-8B9C-0D1E-2F3A-B4C5D6E7F8A9} = {2B3C4D5E-6F7A-8B9C-0D1E-F2A3B4C5D6E7}
		{E6B48023-E680-40DA-9E17-319585C26937} = {827E0CD3-B72D-47B6-A68D-7590B98EB39B}
		{B9A30873-0B2E-41AF-9318-1C9B7BBA1A41} = {E6B48023-E680-40DA-9E17-319585C26937}
		{03A90563-634A-4FB7-A334-C8C8D387D9F9} = {0AB3BF05-4346-4AA6-1389-037BE0695223}
		{0921945A-3651-4669-906F-CB4E62BACBEC} = {0AB3BF05-4346-4AA6-1389-037BE0695223}
		{94FF7853-1371-44BA-AE93-D0516CC53BF3} = {0AB3BF05-4346-4AA6-1389-037BE0695223}
	EndGlobalSection
EndGlobal
