
Microsoft Visual Studio Solution File, Format Version 12.00
# Visual Studio Version 17
VisualStudioVersion = 17.0.31903.59
MinimumVisualStudioVersion = 10.0.40219.1
Project("{2150E333-8FDC-42A3-9474-1A3956D46DE8}") = "server", "src\server", "{1A2B3C4D-5E6F-7A8B-9C0D-E1F2A3B4C5D6}"
EndProject
Project("{2150E333-8FDC-42A3-9474-1A3956D46DE8}") = "node", "src\node", "{2B3C4D5E-6F7A-8B9C-0D1E-F2A3B4C5D6E7}"
EndProject
Project("{2150E333-8FDC-42A3-9474-1A3956D46DE8}") = "dashboard", "src\dashboard", "{3C4D5E6F-7A8B-9C0D-1E2F-A3B4C5D6E7F8}"
EndProject
Project("{FAE04EC0-301F-11D3-BF4B-00C04F79EFBC}") = "Stefan.Server.API", "src\server\Stefan.Server.API\Stefan.Server.API.csproj", "{0D1E2F3A-4B5C-6D7E-8F9A-B0C1D2E3F4A5}"
EndProject
Project("{FAE04EC0-301F-11D3-BF4B-00C04F79EFBC}") = "Stefan.Server.Application", "src\server\Stefan.Server.Application\Stefan.Server.Application.csproj", "{6F7A8B9C-0D1E-2F3A-4B5C-D6E7F8A9B0C1}"
EndProject
Project("{FAE04EC0-301F-11D3-BF4B-00C04F79EFBC}") = "Stefan.Server.Domain", "src\server\Stefan.Server.Domain\Stefan.Server.Domain.csproj", "{7A8B9C0D-1E2F-3A4B-5C6D-E7F8A9B0C1D2}"
EndProject
Project("{FAE04EC0-301F-11D3-BF4B-00C04F79EFBC}") = "Stefan.Server.Infrastructure", "src\server\Stefan.Server.Infrastructure\Stefan.Server.Infrastructure.csproj", "{9C0D1E2F-3A4B-5C6D-7E8F-A9B0C1D2E3F4}"
EndProject
Project("{FAE04EC0-301F-11D3-BF4B-00C04F79EFBC}") = "Stefan.Server.Common", "src\server\Stefan.Server.Common\Stefan.Server.Common.csproj", "{5E6F7A8B-9C0D-1E2F-3A4B-C5D6E7F8A9B0}"
EndProject
Project("{FAE04EC0-301F-11D3-BF4B-00C04F79EFBC}") = "Stefan.Server.SttBenchmarks", "src\server\Stefan.Server.SttBenchmarks\Stefan.Server.SttBenchmarks.csproj", "{8B9C0D1E-2F3A-4B5C-6D7E-F8A9B0C1D2E3}"
EndProject
Project("{FAE04EC0-301F-11D3-BF4B-00C04F79EFBC}") = "Stefan.Node", "src\node\Stefan.Node\Stefan.Node.csproj", "{4D5E6F7A-8B9C-0D1E-2F3A-B4C5D6E7F8A9}"
EndProject
Global
	GlobalSection(SolutionConfigurationPlatforms) = preSolution
		Debug|Any CPU = Debug|Any CPU
		Release|Any CPU = Release|Any CPU
	EndGlobalSection
	GlobalSection(ProjectConfigurationPlatforms) = postSolution
		{0D1E2F3A-4B5C-6D7E-8F9A-B0C1D2E3F4A5}.Debug|Any CPU.ActiveCfg = Debug|Any CPU
		{0D1E2F3A-4B5C-6D7E-8F9A-B0C1D2E3F4A5}.Debug|Any CPU.Build.0 = Debug|Any CPU
		{0D1E2F3A-4B5C-6D7E-8F9A-B0C1D2E3F4A5}.Release|Any CPU.ActiveCfg = Release|Any CPU
		{0D1E2F3A-4B5C-6D7E-8F9A-B0C1D2E3F4A5}.Release|Any CPU.Build.0 = Release|Any CPU
		{6F7A8B9C-0D1E-2F3A-4B5C-D6E7F8A9B0C1}.Debug|Any CPU.ActiveCfg = Debug|Any CPU
		{6F7A8B9C-0D1E-2F3A-4B5C-D6E7F8A9B0C1}.Debug|Any CPU.Build.0 = Debug|Any CPU
		{6F7A8B9C-0D1E-2F3A-4B5C-D6E7F8A9B0C1}.Release|Any CPU.ActiveCfg = Release|Any CPU
		{6F7A8B9C-0D1E-2F3A-4B5C-D6E7F8A9B0C1}.Release|Any CPU.Build.0 = Release|Any CPU
		{7A8B9C0D-1E2F-3A4B-5C6D-E7F8A9B0C1D2}.Debug|Any CPU.ActiveCfg = Debug|Any CPU
		{7A8B9C0D-1E2F-3A4B-5C6D-E7F8A9B0C1D2}.Debug|Any CPU.Build.0 = Debug|Any CPU
		{7A8B9C0D-1E2F-3A4B-5C6D-E7F8A9B0C1D2}.Release|Any CPU.ActiveCfg = Release|Any CPU
		{7A8B9C0D-1E2F-3A4B-5C6D-E7F8A9B0C1D2}.Release|Any CPU.Build.0 = Release|Any CPU
		{9C0D1E2F-3A4B-5C6D-7E8F-A9B0C1D2E3F4}.Debug|Any CPU.ActiveCfg = Debug|Any CPU
		{9C0D1E2F-3A4B-5C6D-7E8F-A9B0C1D2E3F4}.Debug|Any CPU.Build.0 = Debug|Any CPU
		{9C0D1E2F-3A4B-5C6D-7E8F-A9B0C1D2E3F4}.Release|Any CPU.ActiveCfg = Release|Any CPU
		{9C0D1E2F-3A4B-5C6D-7E8F-A9B0C1D2E3F4}.Release|Any CPU.Build.0 = Release|Any CPU
		{5E6F7A8B-9C0D-1E2F-3A4B-C5D6E7F8A9B0}.Debug|Any CPU.ActiveCfg = Debug|Any CPU
		{5E6F7A8B-9C0D-1E2F-3A4B-C5D6E7F8A9B0}.Debug|Any CPU.Build.0 = Debug|Any CPU
		{5E6F7A8B-9C0D-1E2F-3A4B-C5D6E7F8A9B0}.Release|Any CPU.ActiveCfg = Release|Any CPU
		{5E6F7A8B-9C0D-1E2F-3A4B-C5D6E7F8A9B0}.Release|Any CPU.Build.0 = Release|Any CPU
		{8B9C0D1E-2F3A-4B5C-6D7E-F8A9B0C1D2E3}.Debug|Any CPU.ActiveCfg = Debug|Any CPU
		{8B9C0D1E-2F3A-4B5C-6D7E-F8A9B0C1D2E3}.Debug|Any CPU.Build.0 = Debug|Any CPU
		{8B9C0D1E-2F3A-4B5C-6D7E-F8A9B0C1D2E3}.Release|Any CPU.ActiveCfg = Release|Any CPU
		{8B9C0D1E-2F3A-4B5C-6D7E-F8A9B0C1D2E3}.Release|Any CPU.Build.0 = Release|Any CPU
		{4D5E6F7A-8B9C-0D1E-2F3A-B4C5D6E7F8A9}.Debug|Any CPU.ActiveCfg = Debug|Any CPU
		{4D5E6F7A-8B9C-0D1E-2F3A-B4C5D6E7F8A9}.Debug|Any CPU.Build.0 = Debug|Any CPU
		{4D5E6F7A-8B9C-0D1E-2F3A-B4C5D6E7F8A9}.Release|Any CPU.ActiveCfg = Release|Any CPU
		{4D5E6F7A-8B9C-0D1E-2F3A-B4C5D6E7F8A9}.Release|Any CPU.Build.0 = Release|Any CPU
	EndGlobalSection
	GlobalSection(SolutionProperties) = preSolution
		HideSolutionNode = FALSE
	EndGlobalSection
	GlobalSection(NestedProjects) = preSolution
		{0D1E2F3A-4B5C-6D7E-8F9A-B0C1D2E3F4A5} = {1A2B3C4D-5E6F-7A8B-9C0D-E1F2A3B4C5D6}
		{6F7A8B9C-0D1E-2F3A-4B5C-D6E7F8A9B0C1} = {1A2B3C4D-5E6F-7A8B-9C0D-E1F2A3B4C5D6}
		{7A8B9C0D-1E2F-3A4B-5C6D-E7F8A9B0C1D2} = {1A2B3C4D-5E6F-7A8B-9C0D-E1F2A3B4C5D6}
		{9C0D1E2F-3A4B-5C6D-7E8F-A9B0C1D2E3F4} = {1A2B3C4D-5E6F-7A8B-9C0D-E1F2A3B4C5D6}
		{5E6F7A8B-9C0D-1E2F-3A4B-C5D6E7F8A9B0} = {1A2B3C4D-5E6F-7A8B-9C0D-E1F2A3B4C5D6}
		{8B9C0D1E-2F3A-4B5C-6D7E-F8A9B0C1D2E3} = {1A2B3C4D-5E6F-7A8B-9C0D-E1F2A3B4C5D6}
		{4D5E6F7A-8B9C-0D1E-2F3A-B4C5D6E7F8A9} = {2B3C4D5E-6F7A-8B9C-0D1E-F2A3B4C5D6E7}
	EndGlobalSection
EndGlobal
